
Microsoft Visual Studio Solution File, Format Version 11.00
# Visual Studio 2010
Project("{FAE04EC0-301F-11D3-BF4B-00C04F79EFBC}") = "Decals", "Assembly-CSharp.csproj", "{E0A9BA3F-4910-AC6F-BDEB-0CE5EDD34B5F}"
EndProject
Global
	GlobalSection(SolutionConfigurationPlatforms) = preSolution
		Debug|Any CPU = Debug|Any CPU
		Release|Any CPU = Release|Any CPU
	EndGlobalSection
	GlobalSection(ProjectConfigurationPlatforms) = postSolution
		{E0A9BA3F-4910-AC6F-BDEB-0CE5EDD34B5F}.Debug|Any CPU.ActiveCfg = Debug|Any CPU
		{E0A9BA3F-4910-AC6F-BDEB-0CE5EDD34B5F}.Debug|Any CPU.Build.0 = Debug|Any CPU
		{E0A9BA3F-4910-AC6F-BDEB-0CE5EDD34B5F}.Release|Any CPU.ActiveCfg = Release|Any CPU
		{E0A9BA3F-4910-AC6F-BDEB-0CE5EDD34B5F}.Release|Any CPU.Build.0 = Release|Any CPU
	EndGlobalSection
	GlobalSection(SolutionProperties) = preSolution
		HideSolutionNode = FALSE
	EndGlobalSection
	GlobalSection(MonoDevelopProperties) = preSolution
		StartupItem = Assembly-CSharp.csproj
	EndGlobalSection
EndGlobal
